<?xml version="1.0" encoding="utf-8"?>
<Project ToolsVersion="4.0" xmlns="http://schemas.microsoft.com/developer/msbuild/2003">
  <ItemGroup>
    <Filter Include="Source Files">
      <UniqueIdentifier>{d65546c3-cec8-4ed5-ae20-c7901d8367e3}</UniqueIdentifier>
      <Extensions>cpp;c;cxx;rc;def;r;odl;idl;hpj;bat</Extensions>
    </Filter>
    <Filter Include="Header Files">
      <UniqueIdentifier>{47f93db6-e534-4bd5-a1c8-613cf9f17e41}</UniqueIdentifier>
      <Extensions>h;hpp;hxx;hm;inl</Extensions>
    </Filter>
    <Filter Include="Resource Files">
      <UniqueIdentifier>{04e63f13-5649-4eb3-9cff-f029b9ceca29}</UniqueIdentifier>
      <Extensions>ico;cur;bmp;dlg;rc2;rct;bin;rgs;gif;jpg;jpeg;jpe</Extensions>
    </Filter>
    <Filter Include="Special Library Files %28National Instruments%29">
      <UniqueIdentifier>{58720bf6-06d3-498c-9b43-f6fabb04f382}</UniqueIdentifier>
      <Extensions>*.lib</Extensions>
    </Filter>
  </ItemGroup>
  <ItemGroup>
    <ClCompile Include="AXP.cpp">
      <Filter>Source Files</Filter>
    </ClCompile>
    <ClCompile Include="DSP.CPP">
      <Filter>Source Files</Filter>
    </ClCompile>
    <ClCompile Include="GraphBuf.cpp">
      <Filter>Source Files</Filter>
    </ClCompile>
    <ClCompile Include="StdAfx.cpp">
      <Filter>Source Files</Filter>
    </ClCompile>
    <ClCompile Include="SystemSettings.cpp">
      <Filter>Source Files</Filter>
    </ClCompile>
  </ItemGroup>
  <ItemGroup>
    <ResourceCompile Include="AXP.rc">
      <Filter>Source Files</Filter>
    </ResourceCompile>
  </ItemGroup>
  <ItemGroup>
    <ClInclude Include="AXP.h">
      <Filter>Header Files</Filter>
    </ClInclude>
    <ClInclude Include="DSP.h">
      <Filter>Header Files</Filter>
    </ClInclude>
    <ClInclude Include="GraphBuf.h">
      <Filter>Header Files</Filter>
    </ClInclude>
    <ClInclude Include="DeskSystemStdHeaders\msgdef.h">
      <Filter>Header Files</Filter>
    </ClInclude>
    <ClInclude Include="resource.h">
      <Filter>Header Files</Filter>
    </ClInclude>
    <ClInclude Include="SharedMemory.h">
      <Filter>Header Files</Filter>
    </ClInclude>
    <ClInclude Include="StdAfx.h">
      <Filter>Header Files</Filter>
    </ClInclude>
    <ClInclude Include="SystemSettings.h">
      <Filter>Header Files</Filter>
    </ClInclude>
    <ClInclude Include="TapeHdr\tape_hdr.h">
      <Filter>Header Files</Filter>
    </ClInclude>
  </ItemGroup>
  <ItemGroup>
    <Library Include="daq_lib\nidaq32.lib">
      <Filter>Special Library Files %28National Instruments%29</Filter>
    </Library>
    <Library Include="daq_lib\nidex32.lib">
      <Filter>Special Library Files %28National Instruments%29</Filter>
    </Library>
  </ItemGroup>
  <ItemGroup>
    <CustomBuild Include="small.ico">
      <Filter>Resource Files</Filter>
    </CustomBuild>
    <CustomBuild Include="test4.ico">
      <Filter>Resource Files</Filter>
    </CustomBuild>
    <CustomBuild Include="ReadMe.txt" />
  </ItemGroup>
</Project>